// !$*UTF8*$!
{
	archiveVersion = 1;
	classes = {
	};
	objectVersion = 46;
	objects = {

/* Begin PBXBuildFile section */
		4DBA32E01D533F7A009E7DDD /* main.m in Sources */ = {isa = PBXBuildFile; fileRef = 4DBA32DF1D533F7A009E7DDD /* main.m */; };
		4DBA32E31D533F7A009E7DDD /* AppDelegate.m in Sources */ = {isa = PBXBuildFile; fileRef = 4DBA32E21D533F7A009E7DDD /* AppDelegate.m */; };
		4DBA32E61D533F7A009E7DDD /* ViewController.m in Sources */ = {isa = PBXBuildFile; fileRef = 4DBA32E51D533F7A009E7DDD /* ViewController.m */; };
		4DBA32E91D533F7A009E7DDD /* Main.storyboard in Resources */ = {isa = PBXBuildFile; fileRef = 4DBA32E71D533F7A009E7DDD /* Main.storyboard */; };
		4DBA32EB1D533F7A009E7DDD /* Assets.xcassets in Resources */ = {isa = PBXBuildFile; fileRef = 4DBA32EA1D533F7A009E7DDD /* Assets.xcassets */; };
		4DBA32EE1D533F7A009E7DDD /* LaunchScreen.storyboard in Resources */ = {isa = PBXBuildFile; fileRef = 4DBA32EC1D533F7A009E7DDD /* LaunchScreen.storyboard */; };
		4DBA32F91D533F7A009E7DDD /* drawerTests.m in Sources */ = {isa = PBXBuildFile; fileRef = 4DBA32F81D533F7A009E7DDD /* drawerTests.m */; };
		4DBA33041D533F7A009E7DDD /* drawerUITests.m in Sources */ = {isa = PBXBuildFile; fileRef = 4DBA33031D533F7A009E7DDD /* drawerUITests.m */; };
		4DBA33171D533FAA009E7DDD /* Drawer_TableView.m in Sources */ = {isa = PBXBuildFile; fileRef = 4DBA33131D533FAA009E7DDD /* Drawer_TableView.m */; };
		4DBA33181D533FAA009E7DDD /* Drawer_TableViewCell.m in Sources */ = {isa = PBXBuildFile; fileRef = 4DBA33151D533FAA009E7DDD /* Drawer_TableViewCell.m */; };
		4DBA33191D533FAA009E7DDD /* Drawer_TableViewCell.xib in Resources */ = {isa = PBXBuildFile; fileRef = 4DBA33161D533FAA009E7DDD /* Drawer_TableViewCell.xib */; };
		4DBA33361D5340C6009E7DDD /* Info.plist in Resources */ = {isa = PBXBuildFile; fileRef = 4DBA331C1D5340C6009E7DDD /* Info.plist */; };
		4DBA33371D5340C6009E7DDD /* MASCompositeConstraint.m in Sources */ = {isa = PBXBuildFile; fileRef = 4DBA331E1D5340C6009E7DDD /* MASCompositeConstraint.m */; };
		4DBA33381D5340C6009E7DDD /* MASConstraint.m in Sources */ = {isa = PBXBuildFile; fileRef = 4DBA33211D5340C6009E7DDD /* MASConstraint.m */; };
		4DBA33391D5340C6009E7DDD /* MASConstraintMaker.m in Sources */ = {isa = PBXBuildFile; fileRef = 4DBA33231D5340C6009E7DDD /* MASConstraintMaker.m */; };
		4DBA333A1D5340C6009E7DDD /* MASLayoutConstraint.m in Sources */ = {isa = PBXBuildFile; fileRef = 4DBA33251D5340C6009E7DDD /* MASLayoutConstraint.m */; };
		4DBA333B1D5340C6009E7DDD /* MASViewAttribute.m in Sources */ = {isa = PBXBuildFile; fileRef = 4DBA33291D5340C6009E7DDD /* MASViewAttribute.m */; };
		4DBA333C1D5340C6009E7DDD /* MASViewConstraint.m in Sources */ = {isa = PBXBuildFile; fileRef = 4DBA332B1D5340C6009E7DDD /* MASViewConstraint.m */; };
		4DBA333D1D5340C6009E7DDD /* NSArray+MASAdditions.m in Sources */ = {isa = PBXBuildFile; fileRef = 4DBA332D1D5340C6009E7DDD /* NSArray+MASAdditions.m */; };
		4DBA333E1D5340C6009E7DDD /* NSLayoutConstraint+MASDebugAdditions.m in Sources */ = {isa = PBXBuildFile; fileRef = 4DBA33301D5340C6009E7DDD /* NSLayoutConstraint+MASDebugAdditions.m */; };
		4DBA333F1D5340C6009E7DDD /* View+MASAdditions.m in Sources */ = {isa = PBXBuildFile; fileRef = 4DBA33321D5340C6009E7DDD /* View+MASAdditions.m */; };
		4DBA33401D5340C6009E7DDD /* ViewController+MASAdditions.m in Sources */ = {isa = PBXBuildFile; fileRef = 4DBA33351D5340C6009E7DDD /* ViewController+MASAdditions.m */; };
/* End PBXBuildFile section */

/* Begin PBXContainerItemProxy section */
		4DBA32F51D533F7A009E7DDD /* PBXContainerItemProxy */ = {
			isa = PBXContainerItemProxy;
			containerPortal = 4DBA32D31D533F7A009E7DDD /* Project object */;
			proxyType = 1;
			remoteGlobalIDString = 4DBA32DA1D533F7A009E7DDD;
			remoteInfo = drawer;
		};
		4DBA33001D533F7A009E7DDD /* PBXContainerItemProxy */ = {
			isa = PBXContainerItemProxy;
			containerPortal = 4DBA32D31D533F7A009E7DDD /* Project object */;
			proxyType = 1;
			remoteGlobalIDString = 4DBA32DA1D533F7A009E7DDD;
			remoteInfo = drawer;
		};
/* End PBXContainerItemProxy section */

/* Begin PBXFileReference section */
		4DBA32DB1D533F7A009E7DDD /* drawer.app */ = {isa = PBXFileReference; explicitFileType = wrapper.application; includeInIndex = 0; path = drawer.app; sourceTree = BUILT_PRODUCTS_DIR; };
		4DBA32DF1D533F7A009E7DDD /* main.m */ = {isa = PBXFileReference; lastKnownFileType = sourcecode.c.objc; path = main.m; sourceTree = "<group>"; };
		4DBA32E11D533F7A009E7DDD /* AppDelegate.h */ = {isa = PBXFileReference; lastKnownFileType = sourcecode.c.h; path = AppDelegate.h; sourceTree = "<group>"; };
		4DBA32E21D533F7A009E7DDD /* AppDelegate.m */ = {isa = PBXFileReference; lastKnownFileType = sourcecode.c.objc; path = AppDelegate.m; sourceTree = "<group>"; };
		4DBA32E41D533F7A009E7DDD /* ViewController.h */ = {isa = PBXFileReference; lastKnownFileType = sourcecode.c.h; path = ViewController.h; sourceTree = "<group>"; };
		4DBA32E51D533F7A009E7DDD /* ViewController.m */ = {isa = PBXFileReference; lastKnownFileType = sourcecode.c.objc; path = ViewController.m; sourceTree = "<group>"; };
		4DBA32E81D533F7A009E7DDD /* Base */ = {isa = PBXFileReference; lastKnownFileType = file.storyboard; name = Base; path = Base.lproj/Main.storyboard; sourceTree = "<group>"; };
		4DBA32EA1D533F7A009E7DDD /* Assets.xcassets */ = {isa = PBXFileReference; lastKnownFileType = folder.assetcatalog; path = Assets.xcassets; sourceTree = "<group>"; };
		4DBA32ED1D533F7A009E7DDD /* Base */ = {isa = PBXFileReference; lastKnownFileType = file.storyboard; name = Base; path = Base.lproj/LaunchScreen.storyboard; sourceTree = "<group>"; };
		4DBA32EF1D533F7A009E7DDD /* Info.plist */ = {isa = PBXFileReference; lastKnownFileType = text.plist.xml; path = Info.plist; sourceTree = "<group>"; };
		4DBA32F41D533F7A009E7DDD /* drawerTests.xctest */ = {isa = PBXFileReference; explicitFileType = wrapper.cfbundle; includeInIndex = 0; path = drawerTests.xctest; sourceTree = BUILT_PRODUCTS_DIR; };
		4DBA32F81D533F7A009E7DDD /* drawerTests.m */ = {isa = PBXFileReference; lastKnownFileType = sourcecode.c.objc; path = drawerTests.m; sourceTree = "<group>"; };
		4DBA32FA1D533F7A009E7DDD /* Info.plist */ = {isa = PBXFileReference; lastKnownFileType = text.plist.xml; path = Info.plist; sourceTree = "<group>"; };
		4DBA32FF1D533F7A009E7DDD /* drawerUITests.xctest */ = {isa = PBXFileReference; explicitFileType = wrapper.cfbundle; includeInIndex = 0; path = drawerUITests.xctest; sourceTree = BUILT_PRODUCTS_DIR; };
		4DBA33031D533F7A009E7DDD /* drawerUITests.m */ = {isa = PBXFileReference; lastKnownFileType = sourcecode.c.objc; path = drawerUITests.m; sourceTree = "<group>"; };
		4DBA33051D533F7A009E7DDD /* Info.plist */ = {isa = PBXFileReference; lastKnownFileType = text.plist.xml; path = Info.plist; sourceTree = "<group>"; };
		4DBA33121D533FAA009E7DDD /* Drawer_TableView.h */ = {isa = PBXFileReference; fileEncoding = 4; lastKnownFileType = sourcecode.c.h; path = Drawer_TableView.h; sourceTree = "<group>"; };
		4DBA33131D533FAA009E7DDD /* Drawer_TableView.m */ = {isa = PBXFileReference; fileEncoding = 4; lastKnownFileType = sourcecode.c.objc; path = Drawer_TableView.m; sourceTree = "<group>"; };
		4DBA33141D533FAA009E7DDD /* Drawer_TableViewCell.h */ = {isa = PBXFileReference; fileEncoding = 4; lastKnownFileType = sourcecode.c.h; path = Drawer_TableViewCell.h; sourceTree = "<group>"; };
		4DBA33151D533FAA009E7DDD /* Drawer_TableViewCell.m */ = {isa = PBXFileReference; fileEncoding = 4; lastKnownFileType = sourcecode.c.objc; path = Drawer_TableViewCell.m; sourceTree = "<group>"; };
		4DBA33161D533FAA009E7DDD /* Drawer_TableViewCell.xib */ = {isa = PBXFileReference; fileEncoding = 4; lastKnownFileType = file.xib; path = Drawer_TableViewCell.xib; sourceTree = "<group>"; };
		4DBA331C1D5340C6009E7DDD /* Info.plist */ = {isa = PBXFileReference; fileEncoding = 4; lastKnownFileType = text.plist.xml; path = Info.plist; sourceTree = "<group>"; };
		4DBA331D1D5340C6009E7DDD /* MASCompositeConstraint.h */ = {isa = PBXFileReference; fileEncoding = 4; lastKnownFileType = sourcecode.c.h; path = MASCompositeConstraint.h; sourceTree = "<group>"; };
		4DBA331E1D5340C6009E7DDD /* MASCompositeConstraint.m */ = {isa = PBXFileReference; fileEncoding = 4; lastKnownFileType = sourcecode.c.objc; path = MASCompositeConstraint.m; sourceTree = "<group>"; };
		4DBA331F1D5340C6009E7DDD /* MASConstraint+Private.h */ = {isa = PBXFileReference; fileEncoding = 4; lastKnownFileType = sourcecode.c.h; path = "MASConstraint+Private.h"; sourceTree = "<group>"; };
		4DBA33201D5340C6009E7DDD /* MASConstraint.h */ = {isa = PBXFileReference; fileEncoding = 4; lastKnownFileType = sourcecode.c.h; path = MASConstraint.h; sourceTree = "<group>"; };
		4DBA33211D5340C6009E7DDD /* MASConstraint.m */ = {isa = PBXFileReference; fileEncoding = 4; lastKnownFileType = sourcecode.c.objc; path = MASConstraint.m; sourceTree = "<group>"; };
		4DBA33221D5340C6009E7DDD /* MASConstraintMaker.h */ = {isa = PBXFileReference; fileEncoding = 4; lastKnownFileType = sourcecode.c.h; path = MASConstraintMaker.h; sourceTree = "<group>"; };
		4DBA33231D5340C6009E7DDD /* MASConstraintMaker.m */ = {isa = PBXFileReference; fileEncoding = 4; lastKnownFileType = sourcecode.c.objc; path = MASConstraintMaker.m; sourceTree = "<group>"; };
		4DBA33241D5340C6009E7DDD /* MASLayoutConstraint.h */ = {isa = PBXFileReference; fileEncoding = 4; lastKnownFileType = sourcecode.c.h; path = MASLayoutConstraint.h; sourceTree = "<group>"; };
		4DBA33251D5340C6009E7DDD /* MASLayoutConstraint.m */ = {isa = PBXFileReference; fileEncoding = 4; lastKnownFileType = sourcecode.c.objc; path = MASLayoutConstraint.m; sourceTree = "<group>"; };
		4DBA33261D5340C6009E7DDD /* Masonry.h */ = {isa = PBXFileReference; fileEncoding = 4; lastKnownFileType = sourcecode.c.h; path = Masonry.h; sourceTree = "<group>"; };
		4DBA33271D5340C6009E7DDD /* MASUtilities.h */ = {isa = PBXFileReference; fileEncoding = 4; lastKnownFileType = sourcecode.c.h; path = MASUtilities.h; sourceTree = "<group>"; };
		4DBA33281D5340C6009E7DDD /* MASViewAttribute.h */ = {isa = PBXFileReference; fileEncoding = 4; lastKnownFileType = sourcecode.c.h; path = MASViewAttribute.h; sourceTree = "<group>"; };
		4DBA33291D5340C6009E7DDD /* MASViewAttribute.m */ = {isa = PBXFileReference; fileEncoding = 4; lastKnownFileType = sourcecode.c.objc; path = MASViewAttribute.m; sourceTree = "<group>"; };
		4DBA332A1D5340C6009E7DDD /* MASViewConstraint.h */ = {isa = PBXFileReference; fileEncoding = 4; lastKnownFileType = sourcecode.c.h; path = MASViewConstraint.h; sourceTree = "<group>"; };
		4DBA332B1D5340C6009E7DDD /* MASViewConstraint.m */ = {isa = PBXFileReference; fileEncoding = 4; lastKnownFileType = sourcecode.c.objc; path = MASViewConstraint.m; sourceTree = "<group>"; };
		4DBA332C1D5340C6009E7DDD /* NSArray+MASAdditions.h */ = {isa = PBXFileReference; fileEncoding = 4; lastKnownFileType = sourcecode.c.h; path = "NSArray+MASAdditions.h"; sourceTree = "<group>"; };
		4DBA332D1D5340C6009E7DDD /* NSArray+MASAdditions.m */ = {isa = PBXFileReference; fileEncoding = 4; lastKnownFileType = sourcecode.c.objc; path = "NSArray+MASAdditions.m"; sourceTree = "<group>"; };
		4DBA332E1D5340C6009E7DDD /* NSArray+MASShorthandAdditions.h */ = {isa = PBXFileReference; fileEncoding = 4; lastKnownFileType = sourcecode.c.h; path = "NSArray+MASShorthandAdditions.h"; sourceTree = "<group>"; };
		4DBA332F1D5340C6009E7DDD /* NSLayoutConstraint+MASDebugAdditions.h */ = {isa = PBXFileReference; fileEncoding = 4; lastKnownFileType = sourcecode.c.h; path = "NSLayoutConstraint+MASDebugAdditions.h"; sourceTree = "<group>"; };
		4DBA33301D5340C6009E7DDD /* NSLayoutConstraint+MASDebugAdditions.m */ = {isa = PBXFileReference; fileEncoding = 4; lastKnownFileType = sourcecode.c.objc; path = "NSLayoutConstraint+MASDebugAdditions.m"; sourceTree = "<group>"; };
		4DBA33311D5340C6009E7DDD /* View+MASAdditions.h */ = {isa = PBXFileReference; fileEncoding = 4; lastKnownFileType = sourcecode.c.h; path = "View+MASAdditions.h"; sourceTree = "<group>"; };
		4DBA33321D5340C6009E7DDD /* View+MASAdditions.m */ = {isa = PBXFileReference; fileEncoding = 4; lastKnownFileType = sourcecode.c.objc; path = "View+MASAdditions.m"; sourceTree = "<group>"; };
		4DBA33331D5340C6009E7DDD /* View+MASShorthandAdditions.h */ = {isa = PBXFileReference; fileEncoding = 4; lastKnownFileType = sourcecode.c.h; path = "View+MASShorthandAdditions.h"; sourceTree = "<group>"; };
		4DBA33341D5340C6009E7DDD /* ViewController+MASAdditions.h */ = {isa = PBXFileReference; fileEncoding = 4; lastKnownFileType = sourcecode.c.h; path = "ViewController+MASAdditions.h"; sourceTree = "<group>"; };
		4DBA33351D5340C6009E7DDD /* ViewController+MASAdditions.m */ = {isa = PBXFileReference; fileEncoding = 4; lastKnownFileType = sourcecode.c.objc; path = "ViewController+MASAdditions.m"; sourceTree = "<group>"; };
/* End PBXFileReference section */

/* Begin PBXFrameworksBuildPhase section */
		4DBA32D81D533F7A009E7DDD /* Frameworks */ = {
			isa = PBXFrameworksBuildPhase;
			buildActionMask = 2147483647;
			files = (
			);
			runOnlyForDeploymentPostprocessing = 0;
		};
		4DBA32F11D533F7A009E7DDD /* Frameworks */ = {
			isa = PBXFrameworksBuildPhase;
			buildActionMask = 2147483647;
			files = (
			);
			runOnlyForDeploymentPostprocessing = 0;
		};
		4DBA32FC1D533F7A009E7DDD /* Frameworks */ = {
			isa = PBXFrameworksBuildPhase;
			buildActionMask = 2147483647;
			files = (
			);
			runOnlyForDeploymentPostprocessing = 0;
		};
/* End PBXFrameworksBuildPhase section */

/* Begin PBXGroup section */
		4DBA32D21D533F7A009E7DDD = {
			isa = PBXGroup;
			children = (
				4DBA32DD1D533F7A009E7DDD /* drawer */,
				4DBA33111D533FAA009E7DDD /* drawer(抽屉样式) */,
				4DBA331A1D5340C6009E7DDD /* 自动布局 */,
				4DBA32F71D533F7A009E7DDD /* drawerTests */,
				4DBA33021D533F7A009E7DDD /* drawerUITests */,
				4DBA32DC1D533F7A009E7DDD /* Products */,
			);
			sourceTree = "<group>";
		};
		4DBA32DC1D533F7A009E7DDD /* Products */ = {
			isa = PBXGroup;
			children = (
				4DBA32DB1D533F7A009E7DDD /* drawer.app */,
				4DBA32F41D533F7A009E7DDD /* drawerTests.xctest */,
				4DBA32FF1D533F7A009E7DDD /* drawerUITests.xctest */,
			);
			name = Products;
			sourceTree = "<group>";
		};
		4DBA32DD1D533F7A009E7DDD /* drawer */ = {
			isa = PBXGroup;
			children = (
				4DBA32E11D533F7A009E7DDD /* AppDelegate.h */,
				4DBA32E21D533F7A009E7DDD /* AppDelegate.m */,
				4DBA32E41D533F7A009E7DDD /* ViewController.h */,
				4DBA32E51D533F7A009E7DDD /* ViewController.m */,
				4DBA32E71D533F7A009E7DDD /* Main.storyboard */,
				4DBA32EA1D533F7A009E7DDD /* Assets.xcassets */,
				4DBA32EC1D533F7A009E7DDD /* LaunchScreen.storyboard */,
				4DBA32EF1D533F7A009E7DDD /* Info.plist */,
				4DBA32DE1D533F7A009E7DDD /* Supporting Files */,
			);
			path = drawer;
			sourceTree = "<group>";
		};
		4DBA32DE1D533F7A009E7DDD /* Supporting Files */ = {
			isa = PBXGroup;
			children = (
				4DBA32DF1D533F7A009E7DDD /* main.m */,
			);
			name = "Supporting Files";
			sourceTree = "<group>";
		};
		4DBA32F71D533F7A009E7DDD /* drawerTests */ = {
			isa = PBXGroup;
			children = (
				4DBA32F81D533F7A009E7DDD /* drawerTests.m */,
				4DBA32FA1D533F7A009E7DDD /* Info.plist */,
			);
			path = drawerTests;
			sourceTree = "<group>";
		};
		4DBA33021D533F7A009E7DDD /* drawerUITests */ = {
			isa = PBXGroup;
			children = (
				4DBA33031D533F7A009E7DDD /* drawerUITests.m */,
				4DBA33051D533F7A009E7DDD /* Info.plist */,
			);
			path = drawerUITests;
			sourceTree = "<group>";
		};
		4DBA33111D533FAA009E7DDD /* drawer(抽屉样式) */ = {
			isa = PBXGroup;
			children = (
				4DBA33121D533FAA009E7DDD /* Drawer_TableView.h */,
				4DBA33131D533FAA009E7DDD /* Drawer_TableView.m */,
				4DBA33141D533FAA009E7DDD /* Drawer_TableViewCell.h */,
				4DBA33151D533FAA009E7DDD /* Drawer_TableViewCell.m */,
				4DBA33161D533FAA009E7DDD /* Drawer_TableViewCell.xib */,
			);
			path = "drawer(抽屉样式)";
			sourceTree = "<group>";
		};
		4DBA331A1D5340C6009E7DDD /* 自动布局 */ = {
			isa = PBXGroup;
			children = (
				4DBA331B1D5340C6009E7DDD /* Masonry */,
			);
			path = "自动布局";
			sourceTree = "<group>";
		};
		4DBA331B1D5340C6009E7DDD /* Masonry */ = {
			isa = PBXGroup;
			children = (
				4DBA331C1D5340C6009E7DDD /* Info.plist */,
				4DBA331D1D5340C6009E7DDD /* MASCompositeConstraint.h */,
				4DBA331E1D5340C6009E7DDD /* MASCompositeConstraint.m */,
				4DBA331F1D5340C6009E7DDD /* MASConstraint+Private.h */,
				4DBA33201D5340C6009E7DDD /* MASConstraint.h */,
				4DBA33211D5340C6009E7DDD /* MASConstraint.m */,
				4DBA33221D5340C6009E7DDD /* MASConstraintMaker.h */,
				4DBA33231D5340C6009E7DDD /* MASConstraintMaker.m */,
				4DBA33241D5340C6009E7DDD /* MASLayoutConstraint.h */,
				4DBA33251D5340C6009E7DDD /* MASLayoutConstraint.m */,
				4DBA33261D5340C6009E7DDD /* Masonry.h */,
				4DBA33271D5340C6009E7DDD /* MASUtilities.h */,
				4DBA33281D5340C6009E7DDD /* MASViewAttribute.h */,
				4DBA33291D5340C6009E7DDD /* MASViewAttribute.m */,
				4DBA332A1D5340C6009E7DDD /* MASViewConstraint.h */,
				4DBA332B1D5340C6009E7DDD /* MASViewConstraint.m */,
				4DBA332C1D5340C6009E7DDD /* NSArray+MASAdditions.h */,
				4DBA332D1D5340C6009E7DDD /* NSArray+MASAdditions.m */,
				4DBA332E1D5340C6009E7DDD /* NSArray+MASShorthandAdditions.h */,
				4DBA332F1D5340C6009E7DDD /* NSLayoutConstraint+MASDebugAdditions.h */,
				4DBA33301D5340C6009E7DDD /* NSLayoutConstraint+MASDebugAdditions.m */,
				4DBA33311D5340C6009E7DDD /* View+MASAdditions.h */,
				4DBA33321D5340C6009E7DDD /* View+MASAdditions.m */,
				4DBA33331D5340C6009E7DDD /* View+MASShorthandAdditions.h */,
				4DBA33341D5340C6009E7DDD /* ViewController+MASAdditions.h */,
				4DBA33351D5340C6009E7DDD /* ViewController+MASAdditions.m */,
			);
			path = Masonry;
			sourceTree = "<group>";
		};
/* End PBXGroup section */

/* Begin PBXNativeTarget section */
		4DBA32DA1D533F7A009E7DDD /* drawer */ = {
			isa = PBXNativeTarget;
			buildConfigurationList = 4DBA33081D533F7A009E7DDD /* Build configuration list for PBXNativeTarget "drawer" */;
			buildPhases = (
				4DBA32D71D533F7A009E7DDD /* Sources */,
				4DBA32D81D533F7A009E7DDD /* Frameworks */,
				4DBA32D91D533F7A009E7DDD /* Resources */,
			);
			buildRules = (
			);
			dependencies = (
			);
			name = drawer;
			productName = drawer;
			productReference = 4DBA32DB1D533F7A009E7DDD /* drawer.app */;
			productType = "com.apple.product-type.application";
		};
		4DBA32F31D533F7A009E7DDD /* drawerTests */ = {
			isa = PBXNativeTarget;
			buildConfigurationList = 4DBA330B1D533F7A009E7DDD /* Build configuration list for PBXNativeTarget "drawerTests" */;
			buildPhases = (
				4DBA32F01D533F7A009E7DDD /* Sources */,
				4DBA32F11D533F7A009E7DDD /* Frameworks */,
				4DBA32F21D533F7A009E7DDD /* Resources */,
			);
			buildRules = (
			);
			dependencies = (
				4DBA32F61D533F7A009E7DDD /* PBXTargetDependency */,
			);
			name = drawerTests;
			productName = drawerTests;
			productReference = 4DBA32F41D533F7A009E7DDD /* drawerTests.xctest */;
			productType = "com.apple.product-type.bundle.unit-test";
		};
		4DBA32FE1D533F7A009E7DDD /* drawerUITests */ = {
			isa = PBXNativeTarget;
			buildConfigurationList = 4DBA330E1D533F7A009E7DDD /* Build configuration list for PBXNativeTarget "drawerUITests" */;
			buildPhases = (
				4DBA32FB1D533F7A009E7DDD /* Sources */,
				4DBA32FC1D533F7A009E7DDD /* Frameworks */,
				4DBA32FD1D533F7A009E7DDD /* Resources */,
			);
			buildRules = (
			);
			dependencies = (
				4DBA33011D533F7A009E7DDD /* PBXTargetDependency */,
			);
			name = drawerUITests;
			productName = drawerUITests;
			productReference = 4DBA32FF1D533F7A009E7DDD /* drawerUITests.xctest */;
			productType = "com.apple.product-type.bundle.ui-testing";
		};
/* End PBXNativeTarget section */

/* Begin PBXProject section */
		4DBA32D31D533F7A009E7DDD /* Project object */ = {
			isa = PBXProject;
			attributes = {
				LastUpgradeCheck = 0730;
				ORGANIZATIONNAME = "虞海飞";
				TargetAttributes = {
					4DBA32DA1D533F7A009E7DDD = {
						CreatedOnToolsVersion = 7.3.1;
					};
					4DBA32F31D533F7A009E7DDD = {
						CreatedOnToolsVersion = 7.3.1;
						TestTargetID = 4DBA32DA1D533F7A009E7DDD;
					};
					4DBA32FE1D533F7A009E7DDD = {
						CreatedOnToolsVersion = 7.3.1;
						TestTargetID = 4DBA32DA1D533F7A009E7DDD;
					};
				};
			};
			buildConfigurationList = 4DBA32D61D533F7A009E7DDD /* Build configuration list for PBXProject "drawer" */;
			compatibilityVersion = "Xcode 3.2";
			developmentRegion = English;
			hasScannedForEncodings = 0;
			knownRegions = (
				en,
				Base,
			);
			mainGroup = 4DBA32D21D533F7A009E7DDD;
			productRefGroup = 4DBA32DC1D533F7A009E7DDD /* Products */;
			projectDirPath = "";
			projectRoot = "";
			targets = (
				4DBA32DA1D533F7A009E7DDD /* drawer */,
				4DBA32F31D533F7A009E7DDD /* drawerTests */,
				4DBA32FE1D533F7A009E7DDD /* drawerUITests */,
			);
		};
/* End PBXProject section */

/* Begin PBXResourcesBuildPhase section */
		4DBA32D91D533F7A009E7DDD /* Resources */ = {
			isa = PBXResourcesBuildPhase;
			buildActionMask = 2147483647;
			files = (
				4DBA33191D533FAA009E7DDD /* Drawer_TableViewCell.xib in Resources */,
				4DBA32EE1D533F7A009E7DDD /* LaunchScreen.storyboard in Resources */,
				4DBA32EB1D533F7A009E7DDD /* Assets.xcassets in Resources */,
				4DBA33361D5340C6009E7DDD /* Info.plist in Resources */,
				4DBA32E91D533F7A009E7DDD /* Main.storyboard in Resources */,
			);
			runOnlyForDeploymentPostprocessing = 0;
		};
		4DBA32F21D533F7A009E7DDD /* Resources */ = {
			isa = PBXResourcesBuildPhase;
			buildActionMask = 2147483647;
			files = (
			);
			runOnlyForDeploymentPostprocessing = 0;
		};
		4DBA32FD1D533F7A009E7DDD /* Resources */ = {
			isa = PBXResourcesBuildPhase;
			buildActionMask = 2147483647;
			files = (
			);
			runOnlyForDeploymentPostprocessing = 0;
		};
/* End PBXResourcesBuildPhase section */

/* Begin PBXSourcesBuildPhase section */
		4DBA32D71D533F7A009E7DDD /* Sources */ = {
			isa = PBXSourcesBuildPhase;
			buildActionMask = 2147483647;
			files = (
				4DBA333E1D5340C6009E7DDD /* NSLayoutConstraint+MASDebugAdditions.m in Sources */,
				4DBA33171D533FAA009E7DDD /* Drawer_TableView.m in Sources */,
				4DBA333C1D5340C6009E7DDD /* MASViewConstraint.m in Sources */,
				4DBA32E61D533F7A009E7DDD /* ViewController.m in Sources */,
				4DBA33181D533FAA009E7DDD /* Drawer_TableViewCell.m in Sources */,
				4DBA32E31D533F7A009E7DDD /* AppDelegate.m in Sources */,
				4DBA333F1D5340C6009E7DDD /* View+MASAdditions.m in Sources */,
				4DBA33371D5340C6009E7DDD /* MASCompositeConstraint.m in Sources */,
				4DBA333B1D5340C6009E7DDD /* MASViewAttribute.m in Sources */,
				4DBA33391D5340C6009E7DDD /* MASConstraintMaker.m in Sources */,
				4DBA333D1D5340C6009E7DDD /* NSArray+MASAdditions.m in Sources */,
				4DBA33401D5340C6009E7DDD /* ViewController+MASAdditions.m in Sources */,
				4DBA33381D5340C6009E7DDD /* MASConstraint.m in Sources */,
				4DBA333A1D5340C6009E7DDD /* MASLayoutConstraint.m in Sources */,
				4DBA32E01D533F7A009E7DDD /* main.m in Sources */,
			);
			runOnlyForDeploymentPostprocessing = 0;
		};
		4DBA32F01D533F7A009E7DDD /* Sources */ = {
			isa = PBXSourcesBuildPhase;
			buildActionMask = 2147483647;
			files = (
				4DBA32F91D533F7A009E7DDD /* drawerTests.m in Sources */,
			);
			runOnlyForDeploymentPostprocessing = 0;
		};
		4DBA32FB1D533F7A009E7DDD /* Sources */ = {
			isa = PBXSourcesBuildPhase;
			buildActionMask = 2147483647;
			files = (
				4DBA33041D533F7A009E7DDD /* drawerUITests.m in Sources */,
			);
			runOnlyForDeploymentPostprocessing = 0;
		};
/* End PBXSourcesBuildPhase section */

/* Begin PBXTargetDependency section */
		4DBA32F61D533F7A009E7DDD /* PBXTargetDependency */ = {
			isa = PBXTargetDependency;
			target = 4DBA32DA1D533F7A009E7DDD /* drawer */;
			targetProxy = 4DBA32F51D533F7A009E7DDD /* PBXContainerItemProxy */;
		};
		4DBA33011D533F7A009E7DDD /* PBXTargetDependency */ = {
			isa = PBXTargetDependency;
			target = 4DBA32DA1D533F7A009E7DDD /* drawer */;
			targetProxy = 4DBA33001D533F7A009E7DDD /* PBXContainerItemProxy */;
		};
/* End PBXTargetDependency section */

/* Begin PBXVariantGroup section */
		4DBA32E71D533F7A009E7DDD /* Main.storyboard */ = {
			isa = PBXVariantGroup;
			children = (
				4DBA32E81D533F7A009E7DDD /* Base */,
			);
			name = Main.storyboard;
			sourceTree = "<group>";
		};
		4DBA32EC1D533F7A009E7DDD /* LaunchScreen.storyboard */ = {
			isa = PBXVariantGroup;
			children = (
				4DBA32ED1D533F7A009E7DDD /* Base */,
			);
			name = LaunchScreen.storyboard;
			sourceTree = "<group>";
		};
/* End PBXVariantGroup section */

/* Begin XCBuildConfiguration section */
		4DBA33061D533F7A009E7DDD /* Debug */ = {
			isa = XCBuildConfiguration;
			buildSettings = {
				ALWAYS_SEARCH_USER_PATHS = NO;
				CLANG_ANALYZER_NONNULL = YES;
				CLANG_CXX_LANGUAGE_STANDARD = "gnu++0x";
				CLANG_CXX_LIBRARY = "libc++";
				CLANG_ENABLE_MODULES = YES;
				CLANG_ENABLE_OBJC_ARC = YES;
				CLANG_WARN_BOOL_CONVERSION = YES;
				CLANG_WARN_CONSTANT_CONVERSION = YES;
				CLANG_WARN_DIRECT_OBJC_ISA_USAGE = YES_ERROR;
				CLANG_WARN_EMPTY_BODY = YES;
				CLANG_WARN_ENUM_CONVERSION = YES;
				CLANG_WARN_INT_CONVERSION = YES;
				CLANG_WARN_OBJC_ROOT_CLASS = YES_ERROR;
				CLANG_WARN_UNREACHABLE_CODE = YES;
				CLANG_WARN__DUPLICATE_METHOD_MATCH = YES;
				"CODE_SIGN_IDENTITY[sdk=iphoneos*]" = "iPhone Developer";
				COPY_PHASE_STRIP = NO;
				DEBUG_INFORMATION_FORMAT = dwarf;
				ENABLE_STRICT_OBJC_MSGSEND = YES;
				ENABLE_TESTABILITY = YES;
				GCC_C_LANGUAGE_STANDARD = gnu99;
				GCC_DYNAMIC_NO_PIC = NO;
				GCC_NO_COMMON_BLOCKS = YES;
				GCC_OPTIMIZATION_LEVEL = 0;
				GCC_PREPROCESSOR_DEFINITIONS = (
					"DEBUG=1",
					"$(inherited)",
				);
				GCC_WARN_64_TO_32_BIT_CONVERSION = YES;
				GCC_WARN_ABOUT_RETURN_TYPE = YES_ERROR;
				GCC_WARN_UNDECLARED_SELECTOR = YES;
				GCC_WARN_UNINITIALIZED_AUTOS = YES_AGGRESSIVE;
				GCC_WARN_UNUSED_FUNCTION = YES;
				GCC_WARN_UNUSED_VARIABLE = YES;
				IPHONEOS_DEPLOYMENT_TARGET = 9.3;
				MTL_ENABLE_DEBUG_INFO = YES;
				ONLY_ACTIVE_ARCH = YES;
				SDKROOT = iphoneos;
				TARGETED_DEVICE_FAMILY = "1,2";
			};
			name = Debug;
		};
		4DBA33071D533F7A009E7DDD /* Release */ = {
			isa = XCBuildConfiguration;
			buildSettings = {
				ALWAYS_SEARCH_USER_PATHS = NO;
				CLANG_ANALYZER_NONNULL = YES;
				CLANG_CXX_LANGUAGE_STANDARD = "gnu++0x";
				CLANG_CXX_LIBRARY = "libc++";
				CLANG_ENABLE_MODULES = YES;
				CLANG_ENABLE_OBJC_ARC = YES;
				CLANG_WARN_BOOL_CONVERSION = YES;
				CLANG_WARN_CONSTANT_CONVERSION = YES;
				CLANG_WARN_DIRECT_OBJC_ISA_USAGE = YES_ERROR;
				CLANG_WARN_EMPTY_BODY = YES;
				CLANG_WARN_ENUM_CONVERSION = YES;
				CLANG_WARN_INT_CONVERSION = YES;
				CLANG_WARN_OBJC_ROOT_CLASS = YES_ERROR;
				CLANG_WARN_UNREACHABLE_CODE = YES;
				CLANG_WARN__DUPLICATE_METHOD_MATCH = YES;
				"CODE_SIGN_IDENTITY[sdk=iphoneos*]" = "iPhone Developer";
				COPY_PHASE_STRIP = NO;
				DEBUG_INFORMATION_FORMAT = "dwarf-with-dsym";
				ENABLE_NS_ASSERTIONS = NO;
				ENABLE_STRICT_OBJC_MSGSEND = YES;
				GCC_C_LANGUAGE_STANDARD = gnu99;
				GCC_NO_COMMON_BLOCKS = YES;
				GCC_WARN_64_TO_32_BIT_CONVERSION = YES;
				GCC_WARN_ABOUT_RETURN_TYPE = YES_ERROR;
				GCC_WARN_UNDECLARED_SELECTOR = YES;
				GCC_WARN_UNINITIALIZED_AUTOS = YES_AGGRESSIVE;
				GCC_WARN_UNUSED_FUNCTION = YES;
				GCC_WARN_UNUSED_VARIABLE = YES;
				IPHONEOS_DEPLOYMENT_TARGET = 9.3;
				MTL_ENABLE_DEBUG_INFO = NO;
				SDKROOT = iphoneos;
				TARGETED_DEVICE_FAMILY = "1,2";
				VALIDATE_PRODUCT = YES;
			};
			name = Release;
		};
		4DBA33091D533F7A009E7DDD /* Debug */ = {
			isa = XCBuildConfiguration;
			buildSettings = {
				ASSETCATALOG_COMPILER_APPICON_NAME = AppIcon;
				INFOPLIST_FILE = drawer/Info.plist;
				LD_RUNPATH_SEARCH_PATHS = "$(inherited) @executable_path/Frameworks";
				PRODUCT_BUNDLE_IDENTIFIER = YUHF.drawer;
				PRODUCT_NAME = "$(TARGET_NAME)";
			};
			name = Debug;
		};
		4DBA330A1D533F7A009E7DDD /* Release */ = {
			isa = XCBuildConfiguration;
			buildSettings = {
				ASSETCATALOG_COMPILER_APPICON_NAME = AppIcon;
				INFOPLIST_FILE = drawer/Info.plist;
				LD_RUNPATH_SEARCH_PATHS = "$(inherited) @executable_path/Frameworks";
				PRODUCT_BUNDLE_IDENTIFIER = YUHF.drawer;
				PRODUCT_NAME = "$(TARGET_NAME)";
			};
			name = Release;
		};
		4DBA330C1D533F7A009E7DDD /* Debug */ = {
			isa = XCBuildConfiguration;
			buildSettings = {
				BUNDLE_LOADER = "$(TEST_HOST)";
				INFOPLIST_FILE = drawerTests/Info.plist;
				LD_RUNPATH_SEARCH_PATHS = "$(inherited) @executable_path/Frameworks @loader_path/Frameworks";
				PRODUCT_BUNDLE_IDENTIFIER = YUHF.drawerTests;
				PRODUCT_NAME = "$(TARGET_NAME)";
				TEST_HOST = "$(BUILT_PRODUCTS_DIR)/drawer.app/drawer";
			};
			name = Debug;
		};
		4DBA330D1D533F7A009E7DDD /* Release */ = {
			isa = XCBuildConfiguration;
			buildSettings = {
				BUNDLE_LOADER = "$(TEST_HOST)";
				INFOPLIST_FILE = drawerTests/Info.plist;
				LD_RUNPATH_SEARCH_PATHS = "$(inherited) @executable_path/Frameworks @loader_path/Frameworks";
				PRODUCT_BUNDLE_IDENTIFIER = YUHF.drawerTests;
				PRODUCT_NAME = "$(TARGET_NAME)";
				TEST_HOST = "$(BUILT_PRODUCTS_DIR)/drawer.app/drawer";
			};
			name = Release;
		};
		4DBA330F1D533F7A009E7DDD /* Debug */ = {
			isa = XCBuildConfiguration;
			buildSettings = {
				INFOPLIST_FILE = drawerUITests/Info.plist;
				LD_RUNPATH_SEARCH_PATHS = "$(inherited) @executable_path/Frameworks @loader_path/Frameworks";
				PRODUCT_BUNDLE_IDENTIFIER = YUHF.drawerUITests;
				PRODUCT_NAME = "$(TARGET_NAME)";
				TEST_TARGET_NAME = drawer;
			};
			name = Debug;
		};
		4DBA33101D533F7A009E7DDD /* Release */ = {
			isa = XCBuildConfiguration;
			buildSettings = {
				INFOPLIST_FILE = drawerUITests/Info.plist;
				LD_RUNPATH_SEARCH_PATHS = "$(inherited) @executable_path/Frameworks @loader_path/Frameworks";
				PRODUCT_BUNDLE_IDENTIFIER = YUHF.drawerUITests;
				PRODUCT_NAME = "$(TARGET_NAME)";
				TEST_TARGET_NAME = drawer;
			};
			name = Release;
		};
/* End XCBuildConfiguration section */

/* Begin XCConfigurationList section */
		4DBA32D61D533F7A009E7DDD /* Build configuration list for PBXProject "drawer" */ = {
			isa = XCConfigurationList;
			buildConfigurations = (
				4DBA33061D533F7A009E7DDD /* Debug */,
				4DBA33071D533F7A009E7DDD /* Release */,
			);
			defaultConfigurationIsVisible = 0;
			defaultConfigurationName = Release;
		};
		4DBA33081D533F7A009E7DDD /* Build configuration list for PBXNativeTarget "drawer" */ = {
			isa = XCConfigurationList;
			buildConfigurations = (
				4DBA33091D533F7A009E7DDD /* Debug */,
				4DBA330A1D533F7A009E7DDD /* Release */,
			);
			defaultConfigurationIsVisible = 0;
		};
		4DBA330B1D533F7A009E7DDD /* Build configuration list for PBXNativeTarget "drawerTests" */ = {
			isa = XCConfigurationList;
			buildConfigurations = (
				4DBA330C1D533F7A009E7DDD /* Debug */,
				4DBA330D1D533F7A009E7DDD /* Release */,
			);
			defaultConfigurationIsVisible = 0;
		};
		4DBA330E1D533F7A009E7DDD /* Build configuration list for PBXNativeTarget "drawerUITests" */ = {
			isa = XCConfigurationList;
			buildConfigurations = (
				4DBA330F1D533F7A009E7DDD /* Debug */,
				4DBA33101D533F7A009E7DDD /* Release */,
			);
			defaultConfigurationIsVisible = 0;
		};
/* End XCConfigurationList section */
	};
	rootObject = 4DBA32D31D533F7A009E7DDD /* Project object */;
}
